
Microsoft Visual Studio Solution File, Format Version 12.00
# Visual Studio Version 16
VisualStudioVersion = 16.0.29306.81
MinimumVisualStudioVersion = 10.0.40219.1
Project("{FAE04EC0-301F-11D3-BF4B-00C04F79EFBC}") = "Bezie", "Bezie\Bezie.csproj", "{57208FEA-E460-48AF-A28B-6E0BB337FBFA}"
EndProject
Global
	GlobalSection(SolutionConfigurationPlatforms) = preSolution
		Debug|Any CPU = Debug|Any CPU
		Release|Any CPU = Release|Any CPU
	EndGlobalSection
	GlobalSection(ProjectConfigurationPlatforms) = postSolution
		{57208FEA-E460-48AF-A28B-6E0BB337FBFA}.Debug|Any CPU.ActiveCfg = Debug|Any CPU
		{57208FEA-E460-48AF-A28B-6E0BB337FBFA}.Debug|Any CPU.Build.0 = Debug|Any CPU
		{57208FEA-E460-48AF-A28B-6E0BB337FBFA}.Release|Any CPU.ActiveCfg = Release|Any CPU
		{57208FEA-E460-48AF-A28B-6E0BB337FBFA}.Release|Any CPU.Build.0 = Release|Any CPU
	EndGlobalSection
	GlobalSection(SolutionProperties) = preSolution
		HideSolutionNode = FALSE
	EndGlobalSection
	GlobalSection(ExtensibilityGlobals) = postSolution
		SolutionGuid = {72C5B788-2636-453D-9414-B135AE01B56A}
	EndGlobalSection
EndGlobal
