
Microsoft Visual Studio Solution File, Format Version 12.00
# Visual Studio Version 16
VisualStudioVersion = 16.0.29306.81
MinimumVisualStudioVersion = 10.0.40219.1
Project("{FAE04EC0-301F-11D3-BF4B-00C04F79EFBC}") = "L-Systems(lab 5)", "L-Systems(lab 5)\L-Systems(lab 5).csproj", "{C563A577-DD5D-4565-B6D1-D1F2AC39B8FE}"
EndProject
Global
	GlobalSection(SolutionConfigurationPlatforms) = preSolution
		Debug|Any CPU = Debug|Any CPU
		Release|Any CPU = Release|Any CPU
	EndGlobalSection
	GlobalSection(ProjectConfigurationPlatforms) = postSolution
		{C563A577-DD5D-4565-B6D1-D1F2AC39B8FE}.Debug|Any CPU.ActiveCfg = Debug|Any CPU
		{C563A577-DD5D-4565-B6D1-D1F2AC39B8FE}.Debug|Any CPU.Build.0 = Debug|Any CPU
		{C563A577-DD5D-4565-B6D1-D1F2AC39B8FE}.Release|Any CPU.ActiveCfg = Release|Any CPU
		{C563A577-DD5D-4565-B6D1-D1F2AC39B8FE}.Release|Any CPU.Build.0 = Release|Any CPU
	EndGlobalSection
	GlobalSection(SolutionProperties) = preSolution
		HideSolutionNode = FALSE
	EndGlobalSection
	GlobalSection(ExtensibilityGlobals) = postSolution
		SolutionGuid = {BB826911-1400-4CF9-B00C-5DC90B958242}
	EndGlobalSection
EndGlobal
