
Microsoft Visual Studio Solution File, Format Version 12.00
# Visual Studio Version 16
VisualStudioVersion = 16.0.29306.81
MinimumVisualStudioVersion = 10.0.40219.1
Project("{FAE04EC0-301F-11D3-BF4B-00C04F79EFBC}") = "lab2.2", "lab2.2\lab2.2.csproj", "{BFAC20A1-7ECE-491F-B079-3C7F7ADAA2B9}"
EndProject
Global
	GlobalSection(SolutionConfigurationPlatforms) = preSolution
		Debug|Any CPU = Debug|Any CPU
		Release|Any CPU = Release|Any CPU
	EndGlobalSection
	GlobalSection(ProjectConfigurationPlatforms) = postSolution
		{BFAC20A1-7ECE-491F-B079-3C7F7ADAA2B9}.Debug|Any CPU.ActiveCfg = Debug|Any CPU
		{BFAC20A1-7ECE-491F-B079-3C7F7ADAA2B9}.Debug|Any CPU.Build.0 = Debug|Any CPU
		{BFAC20A1-7ECE-491F-B079-3C7F7ADAA2B9}.Release|Any CPU.ActiveCfg = Release|Any CPU
		{BFAC20A1-7ECE-491F-B079-3C7F7ADAA2B9}.Release|Any CPU.Build.0 = Release|Any CPU
	EndGlobalSection
	GlobalSection(SolutionProperties) = preSolution
		HideSolutionNode = FALSE
	EndGlobalSection
	GlobalSection(ExtensibilityGlobals) = postSolution
		SolutionGuid = {5BE14875-D16B-45FB-929C-2B79475C2344}
	EndGlobalSection
EndGlobal
