
Microsoft Visual Studio Solution File, Format Version 12.00
# Visual Studio 15
VisualStudioVersion = 15.0.28307.421
MinimumVisualStudioVersion = 10.0.40219.1
Project("{FAE04EC0-301F-11D3-BF4B-00C04F79EFBC}") = "AffineTransformations3D", "AffineTransformations3D\AffineTransformations3D.csproj", "{D95FCADA-93A5-49F2-BE0E-7B220B19BD7D}"
EndProject
Global
	GlobalSection(SolutionConfigurationPlatforms) = preSolution
		Debug|Any CPU = Debug|Any CPU
		Release|Any CPU = Release|Any CPU
	EndGlobalSection
	GlobalSection(ProjectConfigurationPlatforms) = postSolution
		{D95FCADA-93A5-49F2-BE0E-7B220B19BD7D}.Debug|Any CPU.ActiveCfg = Debug|Any CPU
		{D95FCADA-93A5-49F2-BE0E-7B220B19BD7D}.Debug|Any CPU.Build.0 = Debug|Any CPU
		{D95FCADA-93A5-49F2-BE0E-7B220B19BD7D}.Release|Any CPU.ActiveCfg = Release|Any CPU
		{D95FCADA-93A5-49F2-BE0E-7B220B19BD7D}.Release|Any CPU.Build.0 = Release|Any CPU
	EndGlobalSection
	GlobalSection(SolutionProperties) = preSolution
		HideSolutionNode = FALSE
	EndGlobalSection
	GlobalSection(ExtensibilityGlobals) = postSolution
		SolutionGuid = {A378A381-DA66-451A-9F15-7A2CB7C7565B}
	EndGlobalSection
EndGlobal
